
Microsoft Visual Studio Solution File, Format Version 12.00
# Visual Studio 15
VisualStudioVersion = 15.0.27703.2042
MinimumVisualStudioVersion = 10.0.40219.1
Project("{FAE04EC0-301F-11D3-BF4B-00C04F79EFBC}") = "Bootcamp", "Bootcamp\Bootcamp.csproj", "{8FC70179-4B58-49C9-981A-96E0F5C02A7C}"
EndProject
Global
	GlobalSection(SolutionConfigurationPlatforms) = preSolution
		Debug|Any CPU = Debug|Any CPU
		Release|Any CPU = Release|Any CPU
	EndGlobalSection
	GlobalSection(ProjectConfigurationPlatforms) = postSolution
		{8FC70179-4B58-49C9-981A-96E0F5C02A7C}.Debug|Any CPU.ActiveCfg = Debug|Any CPU
		{8FC70179-4B58-49C9-981A-96E0F5C02A7C}.Debug|Any CPU.Build.0 = Debug|Any CPU
		{8FC70179-4B58-49C9-981A-96E0F5C02A7C}.Release|Any CPU.ActiveCfg = Release|Any CPU
		{8FC70179-4B58-49C9-981A-96E0F5C02A7C}.Release|Any CPU.Build.0 = Release|Any CPU
	EndGlobalSection
	GlobalSection(SolutionProperties) = preSolution
		HideSolutionNode = FALSE
	EndGlobalSection
	GlobalSection(ExtensibilityGlobals) = postSolution
		SolutionGuid = {28702434-C1E8-42D1-A5F5-5F6A7CD529C6}
	EndGlobalSection
EndGlobal
